
Microsoft Visual Studio Solution File, Format Version 12.00
# Visual Studio 15
VisualStudioVersion = 15.0.28307.1972
MinimumVisualStudioVersion = 10.0.40219.1
Project("{8BC9CEB8-8B4A-11D0-8D11-00A0C91BC942}") = "ConsoleApplication1", "ConsoleApplication1\ConsoleApplication1.vcxproj", "{D872E8B7-BED1-4E7E-A218-DDF343007D4B}"
EndProject
Global
	GlobalSection(SolutionConfigurationPlatforms) = preSolution
		Debug|x64 = Debug|x64
		Debug|x86 = Debug|x86
		Release|x64 = Release|x64
		Release|x86 = Release|x86
	EndGlobalSection
	GlobalSection(ProjectConfigurationPlatforms) = postSolution
		{D872E8B7-BED1-4E7E-A218-DDF343007D4B}.Debug|x64.ActiveCfg = Debug|x64
		{D872E8B7-BED1-4E7E-A218-DDF343007D4B}.Debug|x64.Build.0 = Debug|x64
		{D872E8B7-BED1-4E7E-A218-DDF343007D4B}.Debug|x86.ActiveCfg = Debug|Win32
		{D872E8B7-BED1-4E7E-A218-DDF343007D4B}.Debug|x86.Build.0 = Debug|Win32
		{D872E8B7-BED1-4E7E-A218-DDF343007D4B}.Release|x64.ActiveCfg = Release|x64
		{D872E8B7-BED1-4E7E-A218-DDF343007D4B}.Release|x64.Build.0 = Release|x64
		{D872E8B7-BED1-4E7E-A218-DDF343007D4B}.Release|x86.ActiveCfg = Release|Win32
		{D872E8B7-BED1-4E7E-A218-DDF343007D4B}.Release|x86.Build.0 = Release|Win32
	EndGlobalSection
	GlobalSection(SolutionProperties) = preSolution
		HideSolutionNode = FALSE
	EndGlobalSection
	GlobalSection(ExtensibilityGlobals) = postSolution
		SolutionGuid = {C16D5DF6-CA96-488B-87B8-0D0FC1F3A2CE}
	EndGlobalSection
EndGlobal
