
Microsoft Visual Studio Solution File, Format Version 12.00
# Visual Studio Version 17
VisualStudioVersion = 17.3.32819.101
MinimumVisualStudioVersion = 10.0.40219.1
Project("{8BC9CEB8-8B4A-11D0-8D11-00A0C91BC942}") = "лаба 4_2", "лаба 4_2\лаба 4_2.vcxproj", "{CFFEEB03-77AA-408E-A97E-481D37B81F4D}"
EndProject
Global
	GlobalSection(SolutionConfigurationPlatforms) = preSolution
		Debug|x64 = Debug|x64
		Debug|x86 = Debug|x86
		Release|x64 = Release|x64
		Release|x86 = Release|x86
	EndGlobalSection
	GlobalSection(ProjectConfigurationPlatforms) = postSolution
		{CFFEEB03-77AA-408E-A97E-481D37B81F4D}.Debug|x64.ActiveCfg = Debug|x64
		{CFFEEB03-77AA-408E-A97E-481D37B81F4D}.Debug|x64.Build.0 = Debug|x64
		{CFFEEB03-77AA-408E-A97E-481D37B81F4D}.Debug|x86.ActiveCfg = Debug|Win32
		{CFFEEB03-77AA-408E-A97E-481D37B81F4D}.Debug|x86.Build.0 = Debug|Win32
		{CFFEEB03-77AA-408E-A97E-481D37B81F4D}.Release|x64.ActiveCfg = Release|x64
		{CFFEEB03-77AA-408E-A97E-481D37B81F4D}.Release|x64.Build.0 = Release|x64
		{CFFEEB03-77AA-408E-A97E-481D37B81F4D}.Release|x86.ActiveCfg = Release|Win32
		{CFFEEB03-77AA-408E-A97E-481D37B81F4D}.Release|x86.Build.0 = Release|Win32
	EndGlobalSection
	GlobalSection(SolutionProperties) = preSolution
		HideSolutionNode = FALSE
	EndGlobalSection
	GlobalSection(ExtensibilityGlobals) = postSolution
		SolutionGuid = {3127B1EF-E3FE-4B0A-A8FB-F6229C05D43D}
	EndGlobalSection
EndGlobal
